
Microsoft Visual Studio Solution File, Format Version 12.00
# Visual Studio 15
VisualStudioVersion = 15.0.27703.2042
MinimumVisualStudioVersion = 10.0.40219.1
Project("{FAE04EC0-301F-11D3-BF4B-00C04F79EFBC}") = "DovizBar", "DovizBar\DovizBar.csproj", "{0FC0DCC2-857A-4369-8CB7-ECF3A172C045}"
EndProject
Global
	GlobalSection(SolutionConfigurationPlatforms) = preSolution
		Debug|Any CPU = Debug|Any CPU
		Release|Any CPU = Release|Any CPU
	EndGlobalSection
	GlobalSection(ProjectConfigurationPlatforms) = postSolution
		{0FC0DCC2-857A-4369-8CB7-ECF3A172C045}.Debug|Any CPU.ActiveCfg = Debug|Any CPU
		{0FC0DCC2-857A-4369-8CB7-ECF3A172C045}.Debug|Any CPU.Build.0 = Debug|Any CPU
		{0FC0DCC2-857A-4369-8CB7-ECF3A172C045}.Release|Any CPU.ActiveCfg = Release|Any CPU
		{0FC0DCC2-857A-4369-8CB7-ECF3A172C045}.Release|Any CPU.Build.0 = Release|Any CPU
	EndGlobalSection
	GlobalSection(SolutionProperties) = preSolution
		HideSolutionNode = FALSE
	EndGlobalSection
	GlobalSection(ExtensibilityGlobals) = postSolution
		SolutionGuid = {11AF529F-0713-438A-8638-898FFA664B6A}
	EndGlobalSection
EndGlobal
